lockfileVersion: '9.0'

settings:
  autoInstallPeers: true
  excludeLinksFromLockfile: false

importers:

  .:
    devDependencies:
      oxlint:
        specifier: ^1.13.0
        version: 1.13.0
      prettier:
        specifier: ^3.6.2
        version: 3.6.2

packages:

  '@oxlint/darwin-arm64@1.13.0':
    resolution: {integrity: sha512-evpsj1aaWNEd2VRGTbptiMwC8vYSDadAYtq92Ks3UIe0VoMtY9n5bLeD9Ctw/OHIM7Eh7/EQlNDLOOP/b2GBKA==}
    cpu: [arm64]
    os: [darwin]

  '@oxlint/darwin-x64@1.13.0':
    resolution: {integrity: sha512-a4gmSsuQq/ZK/QRDlAcfcwF4UVErZ3Q0noBkypyMdacizLzexlKQvWhXC5Bh1v4/9cWempx+Uf6iaScfo7FmCg==}
    cpu: [x64]
    os: [darwin]

  '@oxlint/linux-arm64-gnu@1.13.0':
    resolution: {integrity: sha512-GT8WyPomb2AE5ciNzmDZlvVdYL2OmWObaV47dwAk4KH13IAqduOlA17S5IZRrwW1q4FHsRhfJ1eVofAhOtZexQ==}
    cpu: [arm64]
    os: [linux]

  '@oxlint/linux-arm64-musl@1.13.0':
    resolution: {integrity: sha512-EY8PHd4U0QYoPFVkGbkBPAN1ZDXmIr5Am6QOqnPtvrOVfR6cRW/o9Qd9Q3zB+HR+pEHl8d25/QSgHpaSQr+hEA==}
    cpu: [arm64]
    os: [linux]

  '@oxlint/linux-x64-gnu@1.13.0':
    resolution: {integrity: sha512-iP30520DYHsqAk3rmCJ4YpcNuWJejhbvl/YcHmrcWH8OJ5a+He2EG6gU9BogfFzsM1HtDn3pZbn69PItqaLJCg==}
    cpu: [x64]
    os: [linux]

  '@oxlint/linux-x64-musl@1.13.0':
    resolution: {integrity: sha512-SJl0aenYerXS6uFshdpsracwl02sr8dpUK1522p4Tp27aXHUxk55gF5YmFj9rGUQ9h6MyZgJL9fNS5U7PUUxxA==}
    cpu: [x64]
    os: [linux]

  '@oxlint/win32-arm64@1.13.0':
    resolution: {integrity: sha512-nAxRno4VF73obGWbBMMslWDYx0hFgqwKR7wqhhVowH5793p1tHvYbV9lrUY8lRqMUHRpYP4pahcipoAEiTlf1w==}
    cpu: [arm64]
    os: [win32]

  '@oxlint/win32-x64@1.13.0':
    resolution: {integrity: sha512-8p6OwSl6/iauD5TZrTXXZFdKZkj1blGwMOlhnHfSb6FRcjcvR6dv54u3PYssrtqh7nvHLJI0PAwSeJVhvoxxqg==}
    cpu: [x64]
    os: [win32]

  oxlint@1.13.0:
    resolution: {integrity: sha512-wEoHG0WCbxSfpXqrJPbB6q7j16xoiUJD2WHJffpR9CCPB1ZYgOwf/qRSzH9KGW/Uda7oxm/1Ebx4q4hGALJmeQ==}
    engines: {node: '>=8.*'}
    hasBin: true
    peerDependencies:
      oxlint-tsgolint: '>=0.0.4'
    peerDependenciesMeta:
      oxlint-tsgolint:
        optional: true

  prettier@3.6.2:
    resolution: {integrity: sha512-I7AIg5boAr5R0FFtJ6rCfD+LFsWHp81dolrFD8S79U9tb8Az2nGrJncnMSnys+bpQJfRUzqs9hnA81OAA3hCuQ==}
    engines: {node: '>=14'}
    hasBin: true

snapshots:

  '@oxlint/darwin-arm64@1.13.0':
    optional: true

  '@oxlint/darwin-x64@1.13.0':
    optional: true

  '@oxlint/linux-arm64-gnu@1.13.0':
    optional: true

  '@oxlint/linux-arm64-musl@1.13.0':
    optional: true

  '@oxlint/linux-x64-gnu@1.13.0':
    optional: true

  '@oxlint/linux-x64-musl@1.13.0':
    optional: true

  '@oxlint/win32-arm64@1.13.0':
    optional: true

  '@oxlint/win32-x64@1.13.0':
    optional: true

  oxlint@1.13.0:
    optionalDependencies:
      '@oxlint/darwin-arm64': 1.13.0
      '@oxlint/darwin-x64': 1.13.0
      '@oxlint/linux-arm64-gnu': 1.13.0
      '@oxlint/linux-arm64-musl': 1.13.0
      '@oxlint/linux-x64-gnu': 1.13.0
      '@oxlint/linux-x64-musl': 1.13.0
      '@oxlint/win32-arm64': 1.13.0
      '@oxlint/win32-x64': 1.13.0

  prettier@3.6.2: {}
